
Microsoft Visual Studio Solution File, Format Version 12.00
# Visual Studio Version 16
VisualStudioVersion = 16.0.31205.134
MinimumVisualStudioVersion = 10.0.40219.1
Project("{9A19103F-16F7-4668-BE54-9A1E7A4F7556}") = "ReparacionTelefonos", "ReparacionTelefonos\ReparacionTelefonos.csproj", "{FF745B90-3289-4625-A169-CFB5C12F92A8}"
EndProject
Global
	GlobalSection(SolutionConfigurationPlatforms) = preSolution
		Debug|Any CPU = Debug|Any CPU
		Release|Any CPU = Release|Any CPU
	EndGlobalSection
	GlobalSection(ProjectConfigurationPlatforms) = postSolution
		{FF745B90-3289-4625-A169-CFB5C12F92A8}.Debug|Any CPU.ActiveCfg = Debug|Any CPU
		{FF745B90-3289-4625-A169-CFB5C12F92A8}.Debug|Any CPU.Build.0 = Debug|Any CPU
		{FF745B90-3289-4625-A169-CFB5C12F92A8}.Release|Any CPU.ActiveCfg = Release|Any CPU
		{FF745B90-3289-4625-A169-CFB5C12F92A8}.Release|Any CPU.Build.0 = Release|Any CPU
	EndGlobalSection
	GlobalSection(SolutionProperties) = preSolution
		HideSolutionNode = FALSE
	EndGlobalSection
	GlobalSection(ExtensibilityGlobals) = postSolution
		SolutionGuid = {56659245-B379-4BB1-B649-8E62E0CF6662}
	EndGlobalSection
EndGlobal
